
Microsoft Visual Studio Solution File, Format Version 12.00
# Visual Studio Version 16
VisualStudioVersion = 16.0.30907.101
MinimumVisualStudioVersion = 10.0.40219.1
Project("{FAE04EC0-301F-11D3-BF4B-00C04F79EFBC}") = "Aspnetwebappforaws", "Aspnetwebappforaws\Aspnetwebappforaws.csproj", "{04165B0E-64C2-40B2-ACFA-FCE43EBAF5E1}"
EndProject
Global
	GlobalSection(SolutionConfigurationPlatforms) = preSolution
		Debug|Any CPU = Debug|Any CPU
		Release|Any CPU = Release|Any CPU
	EndGlobalSection
	GlobalSection(ProjectConfigurationPlatforms) = postSolution
		{04165B0E-64C2-40B2-ACFA-FCE43EBAF5E1}.Debug|Any CPU.ActiveCfg = Debug|Any CPU
		{04165B0E-64C2-40B2-ACFA-FCE43EBAF5E1}.Debug|Any CPU.Build.0 = Debug|Any CPU
		{04165B0E-64C2-40B2-ACFA-FCE43EBAF5E1}.Release|Any CPU.ActiveCfg = Release|Any CPU
		{04165B0E-64C2-40B2-ACFA-FCE43EBAF5E1}.Release|Any CPU.Build.0 = Release|Any CPU
	EndGlobalSection
	GlobalSection(SolutionProperties) = preSolution
		HideSolutionNode = FALSE
	EndGlobalSection
	GlobalSection(ExtensibilityGlobals) = postSolution
		SolutionGuid = {4C6A07F2-025E-4BC3-A817-FF232DB130F8}
	EndGlobalSection
EndGlobal
